// !$*UTF8*$!
{
	archiveVersion = 1;
	classes = {
	};
	objectVersion = 55;
	objects = {

/* Begin PBXBuildFile section */
		503A51AD2870B77500D04944 /* AppDelegate.swift in Sources */ = {isa = PBXBuildFile; fileRef = 503A51AC2870B77500D04944 /* AppDelegate.swift */; };
		503A51AF2870B77500D04944 /* SceneDelegate.swift in Sources */ = {isa = PBXBuildFile; fileRef = 503A51AE2870B77500D04944 /* SceneDelegate.swift */; };
		503A51B12870B77500D04944 /* ViewController.swift in Sources */ = {isa = PBXBuildFile; fileRef = 503A51B02870B77500D04944 /* ViewController.swift */; };
		503A51B42870B77500D04944 /* Main.storyboard in Resources */ = {isa = PBXBuildFile; fileRef = 503A51B22870B77500D04944 /* Main.storyboard */; };
		503A51B62870B77800D04944 /* Assets.xcassets in Resources */ = {isa = PBXBuildFile; fileRef = 503A51B52870B77800D04944 /* Assets.xcassets */; };
		503A51B92870B77800D04944 /* LaunchScreen.storyboard in Resources */ = {isa = PBXBuildFile; fileRef = 503A51B72870B77800D04944 /* LaunchScreen.storyboard */; };
/* End PBXBuildFile section */

/* Begin PBXFileReference section */
		503A51A92870B77500D04944 /* SpeakApp.app */ = {isa = PBXFileReference; explicitFileType = wrapper.application; includeInIndex = 0; path = SpeakApp.app; sourceTree = BUILT_PRODUCTS_DIR; };
		503A51AC2870B77500D04944 /* AppDelegate.swift */ = {isa = PBXFileReference; lastKnownFileType = sourcecode.swift; path = AppDelegate.swift; sourceTree = "<group>"; };
		503A51AE2870B77500D04944 /* SceneDelegate.swift */ = {isa = PBXFileReference; lastKnownFileType = sourcecode.swift; path = SceneDelegate.swift; sourceTree = "<group>"; };
		503A51B02870B77500D04944 /* ViewController.swift */ = {isa = PBXFileReference; lastKnownFileType = sourcecode.swift; path = ViewController.swift; sourceTree = "<group>"; };
		503A51B32870B77500D04944 /* Base */ = {isa = PBXFileReference; lastKnownFileType = file.storyboard; name = Base; path = Base.lproj/Main.storyboard; sourceTree = "<group>"; };
		503A51B52870B77800D04944 /* Assets.xcassets */ = {isa = PBXFileReference; lastKnownFileType = folder.assetcatalog; path = Assets.xcassets; sourceTree = "<group>"; };
		503A51B82870B77800D04944 /* Base */ = {isa = PBXFileReference; lastKnownFileType = file.storyboard; name = Base; path = Base.lproj/LaunchScreen.storyboard; sourceTree = "<group>"; };
		503A51BA2870B77800D04944 /* Info.plist */ = {isa = PBXFileReference; lastKnownFileType = text.plist.xml; path = Info.plist; sourceTree = "<group>"; };
		6BC62FB539459E86AD4B1E14 /* Pods-SpeakApp.debug.xcconfig */ = {isa = PBXFileReference; includeInIndex = 1; lastKnownFileType = text.xcconfig; name = "Pods-SpeakApp.debug.xcconfig"; path = "Target Support Files/Pods-SpeakApp/Pods-SpeakApp.debug.xcconfig"; sourceTree = "<group>"; };
		CFFCDD6E97689EC7F4CEF114 /* Pods-SpeakApp.release.xcconfig */ = {isa = PBXFileReference; includeInIndex = 1; lastKnownFileType = text.xcconfig; name = "Pods-SpeakApp.release.xcconfig"; path = "Target Support Files/Pods-SpeakApp/Pods-SpeakApp.release.xcconfig"; sourceTree = "<group>"; };
/* End PBXFileReference section */

/* Begin PBXFrameworksBuildPhase section */
		503A51A62870B77500D04944 /* Frameworks */ = {
			isa = PBXFrameworksBuildPhase;
			buildActionMask = 2147483647;
			files = (
			);
			runOnlyForDeploymentPostprocessing = 0;
		};
/* End PBXFrameworksBuildPhase section */

/* Begin PBXGroup section */
		503A51A02870B77500D04944 = {
			isa = PBXGroup;
			children = (
				503A51AB2870B77500D04944 /* SpeakApp */,
				503A51AA2870B77500D04944 /* Products */,
				7E222CF2E906EF256C607B55 /* Pods */,
			);
			sourceTree = "<group>";
		};
		503A51AA2870B77500D04944 /* Products */ = {
			isa = PBXGroup;
			children = (
				503A51A92870B77500D04944 /* SpeakApp.app */,
			);
			name = Products;
			sourceTree = "<group>";
		};
		503A51AB2870B77500D04944 /* SpeakApp */ = {
			isa = PBXGroup;
			children = (
				503A51AC2870B77500D04944 /* AppDelegate.swift */,
				503A51AE2870B77500D04944 /* SceneDelegate.swift */,
				503A51B02870B77500D04944 /* ViewController.swift */,
				503A51B22870B77500D04944 /* Main.storyboard */,
				503A51B52870B77800D04944 /* Assets.xcassets */,
				503A51B72870B77800D04944 /* LaunchScreen.storyboard */,
				503A51BA2870B77800D04944 /* Info.plist */,
			);
			path = SpeakApp;
			sourceTree = "<group>";
		};
		7E222CF2E906EF256C607B55 /* Pods */ = {
			isa = PBXGroup;
			children = (
				6BC62FB539459E86AD4B1E14 /* Pods-SpeakApp.debug.xcconfig */,
				CFFCDD6E97689EC7F4CEF114 /* Pods-SpeakApp.release.xcconfig */,
			);
			path = Pods;
			sourceTree = "<group>";
		};
/* End PBXGroup section */

/* Begin PBXNativeTarget section */
		503A51A82870B77500D04944 /* SpeakApp */ = {
			isa = PBXNativeTarget;
			buildConfigurationList = 503A51BD2870B77800D04944 /* Build configuration list for PBXNativeTarget "SpeakApp" */;
			buildPhases = (
				6F0453314AA4FF143A2D8724 /* [CP] Check Pods Manifest.lock */,
				503A51A52870B77500D04944 /* Sources */,
				503A51A62870B77500D04944 /* Frameworks */,
				503A51A72870B77500D04944 /* Resources */,
			);
			buildRules = (
			);
			dependencies = (
			);
			name = SpeakApp;
			productName = SpeakApp;
			productReference = 503A51A92870B77500D04944 /* SpeakApp.app */;
			productType = "com.apple.product-type.application";
		};
/* End PBXNativeTarget section */

/* Begin PBXProject section */
		503A51A12870B77500D04944 /* Project object */ = {
			isa = PBXProject;
			attributes = {
				BuildIndependentTargetsInParallel = 1;
				LastSwiftUpdateCheck = 1340;
				LastUpgradeCheck = 1340;
				TargetAttributes = {
					503A51A82870B77500D04944 = {
						CreatedOnToolsVersion = 13.4.1;
					};
				};
			};
			buildConfigurationList = 503A51A42870B77500D04944 /* Build configuration list for PBXProject "SpeakApp" */;
			compatibilityVersion = "Xcode 13.0";
			developmentRegion = en;
			hasScannedForEncodings = 0;
			knownRegions = (
				en,
				Base,
			);
			mainGroup = 503A51A02870B77500D04944;
			productRefGroup = 503A51AA2870B77500D04944 /* Products */;
			projectDirPath = "";
			projectRoot = "";
			targets = (
				503A51A82870B77500D04944 /* SpeakApp */,
			);
		};
/* End PBXProject section */

/* Begin PBXResourcesBuildPhase section */
		503A51A72870B77500D04944 /* Resources */ = {
			isa = PBXResourcesBuildPhase;
			buildActionMask = 2147483647;
			files = (
				503A51B92870B77800D04944 /* LaunchScreen.storyboard in Resources */,
				503A51B62870B77800D04944 /* Assets.xcassets in Resources */,
				503A51B42870B77500D04944 /* Main.storyboard in Resources */,
			);
			runOnlyForDeploymentPostprocessing = 0;
		};
/* End PBXResourcesBuildPhase section */

/* Begin PBXShellScriptBuildPhase section */
		6F0453314AA4FF143A2D8724 /* [CP] Check Pods Manifest.lock */ = {
			isa = PBXShellScriptBuildPhase;
			buildActionMask = 2147483647;
			files = (
			);
			inputFileListPaths = (
			);
			inputPaths = (
				"${PODS_PODFILE_DIR_PATH}/Podfile.lock",
				"${PODS_ROOT}/Manifest.lock",
			);
			name = "[CP] Check Pods Manifest.lock";
			outputFileListPaths = (
			);
			outputPaths = (
				"$(DERIVED_FILE_DIR)/Pods-SpeakApp-checkManifestLockResult.txt",
			);
			runOnlyForDeploymentPostprocessing = 0;
			shellPath = /bin/sh;
			shellScript = "diff \"${PODS_PODFILE_DIR_PATH}/Podfile.lock\" \"${PODS_ROOT}/Manifest.lock\" > /dev/null\nif [ $? != 0 ] ; then\n    # print error to STDERR\n    echo \"error: The sandbox is not in sync with the Podfile.lock. Run 'pod install' or update your CocoaPods installation.\" >&2\n    exit 1\nfi\n# This output is used by Xcode 'outputs' to avoid re-running this script phase.\necho \"SUCCESS\" > \"${SCRIPT_OUTPUT_FILE_0}\"\n";
			showEnvVarsInLog = 0;
		};
/* End PBXShellScriptBuildPhase section */

/* Begin PBXSourcesBuildPhase section */
		503A51A52870B77500D04944 /* Sources */ = {
			isa = PBXSourcesBuildPhase;
			buildActionMask = 2147483647;
			files = (
				503A51B12870B77500D04944 /* ViewController.swift in Sources */,
				503A51AD2870B77500D04944 /* AppDelegate.swift in Sources */,
				503A51AF2870B77500D04944 /* SceneDelegate.swift in Sources */,
			);
			runOnlyForDeploymentPostprocessing = 0;
		};
/* End PBXSourcesBuildPhase section */

/* Begin PBXVariantGroup section */
		503A51B22870B77500D04944 /* Main.storyboard */ = {
			isa = PBXVariantGroup;
			children = (
				503A51B32870B77500D04944 /* Base */,
			);
			name = Main.storyboard;
			sourceTree = "<group>";
		};
		503A51B72870B77800D04944 /* LaunchScreen.storyboard */ = {
			isa = PBXVariantGroup;
			children = (
				503A51B82870B77800D04944 /* Base */,
			);
			name = LaunchScreen.storyboard;
			sourceTree = "<group>";
		};
/* End PBXVariantGroup section */

/* Begin XCBuildConfiguration section */
		503A51BB2870B77800D04944 /* Debug */ = {
			isa = XCBuildConfiguration;
			buildSettings = {
				ALWAYS_SEARCH_USER_PATHS = NO;
				CLANG_ANALYZER_NONNULL = YES;
				CLANG_ANALYZER_NUMBER_OBJECT_CONVERSION = YES_AGGRESSIVE;
				CLANG_CXX_LANGUAGE_STANDARD = "gnu++17";
				CLANG_ENABLE_MODULES = YES;
				CLANG_ENABLE_OBJC_ARC = YES;
				CLANG_ENABLE_OBJC_WEAK = YES;
				CLANG_WARN_BLOCK_CAPTURE_AUTORELEASING = YES;
				CLANG_WARN_BOOL_CONVERSION = YES;
				CLANG_WARN_COMMA = YES;
				CLANG_WARN_CONSTANT_CONVERSION = YES;
				CLANG_WARN_DEPRECATED_OBJC_IMPLEMENTATIONS = YES;
				CLANG_WARN_DIRECT_OBJC_ISA_USAGE = YES_ERROR;
				CLANG_WARN_DOCUMENTATION_COMMENTS = YES;
				CLANG_WARN_EMPTY_BODY = YES;
				CLANG_WARN_ENUM_CONVERSION = YES;
				CLANG_WARN_INFINITE_RECURSION = YES;
				CLANG_WARN_INT_CONVERSION = YES;
				CLANG_WARN_NON_LITERAL_NULL_CONVERSION = YES;
				CLANG_WARN_OBJC_IMPLICIT_RETAIN_SELF = YES;
				CLANG_WARN_OBJC_LITERAL_CONVERSION = YES;
				CLANG_WARN_OBJC_ROOT_CLASS = YES_ERROR;
				CLANG_WARN_QUOTED_INCLUDE_IN_FRAMEWORK_HEADER = YES;
				CLANG_WARN_RANGE_LOOP_ANALYSIS = YES;
				CLANG_WARN_STRICT_PROTOTYPES = YES;
				CLANG_WARN_SUSPICIOUS_MOVE = YES;
				CLANG_WARN_UNGUARDED_AVAILABILITY = YES_AGGRESSIVE;
				CLANG_WARN_UNREACHABLE_CODE = YES;
				CLANG_WARN__DUPLICATE_METHOD_MATCH = YES;
				COPY_PHASE_STRIP = NO;
				DEBUG_INFORMATION_FORMAT = dwarf;
				ENABLE_STRICT_OBJC_MSGSEND = YES;
				ENABLE_TESTABILITY = YES;
				GCC_C_LANGUAGE_STANDARD = gnu11;
				GCC_DYNAMIC_NO_PIC = NO;
				GCC_NO_COMMON_BLOCKS = YES;
				GCC_OPTIMIZATION_LEVEL = 0;
				GCC_PREPROCESSOR_DEFINITIONS = (
					"DEBUG=1",
					"$(inherited)",
				);
				GCC_WARN_64_TO_32_BIT_CONVERSION = YES;
				GCC_WARN_ABOUT_RETURN_TYPE = YES_ERROR;
				GCC_WARN_UNDECLARED_SELECTOR = YES;
				GCC_WARN_UNINITIALIZED_AUTOS = YES_AGGRESSIVE;
				GCC_WARN_UNUSED_FUNCTION = YES;
				GCC_WARN_UNUSED_VARIABLE = YES;
				IPHONEOS_DEPLOYMENT_TARGET = 15.5;
				MTL_ENABLE_DEBUG_INFO = INCLUDE_SOURCE;
				MTL_FAST_MATH = YES;
				ONLY_ACTIVE_ARCH = YES;
				SDKROOT = iphoneos;
				SWIFT_ACTIVE_COMPILATION_CONDITIONS = DEBUG;
				SWIFT_OPTIMIZATION_LEVEL = "-Onone";
			};
			name = Debug;
		};
		503A51BC2870B77800D04944 /* Release */ = {
			isa = XCBuildConfiguration;
			buildSettings = {
				ALWAYS_SEARCH_USER_PATHS = NO;
				CLANG_ANALYZER_NONNULL = YES;
				CLANG_ANALYZER_NUMBER_OBJECT_CONVERSION = YES_AGGRESSIVE;
				CLANG_CXX_LANGUAGE_STANDARD = "gnu++17";
				CLANG_ENABLE_MODULES = YES;
				CLANG_ENABLE_OBJC_ARC = YES;
				CLANG_ENABLE_OBJC_WEAK = YES;
				CLANG_WARN_BLOCK_CAPTURE_AUTORELEASING = YES;
				CLANG_WARN_BOOL_CONVERSION = YES;
				CLANG_WARN_COMMA = YES;
				CLANG_WARN_CONSTANT_CONVERSION = YES;
				CLANG_WARN_DEPRECATED_OBJC_IMPLEMENTATIONS = YES;
				CLANG_WARN_DIRECT_OBJC_ISA_USAGE = YES_ERROR;
				CLANG_WARN_DOCUMENTATION_COMMENTS = YES;
				CLANG_WARN_EMPTY_BODY = YES;
				CLANG_WARN_ENUM_CONVERSION = YES;
				CLANG_WARN_INFINITE_RECURSION = YES;
				CLANG_WARN_INT_CONVERSION = YES;
				CLANG_WARN_NON_LITERAL_NULL_CONVERSION = YES;
				CLANG_WARN_OBJC_IMPLICIT_RETAIN_SELF = YES;
				CLANG_WARN_OBJC_LITERAL_CONVERSION = YES;
				CLANG_WARN_OBJC_ROOT_CLASS = YES_ERROR;
				CLANG_WARN_QUOTED_INCLUDE_IN_FRAMEWORK_HEADER = YES;
				CLANG_WARN_RANGE_LOOP_ANALYSIS = YES;
				CLANG_WARN_STRICT_PROTOTYPES = YES;
				CLANG_WARN_SUSPICIOUS_MOVE = YES;
				CLANG_WARN_UNGUARDED_AVAILABILITY = YES_AGGRESSIVE;
				CLANG_WARN_UNREACHABLE_CODE = YES;
				CLANG_WARN__DUPLICATE_METHOD_MATCH = YES;
				COPY_PHASE_STRIP = NO;
				DEBUG_INFORMATION_FORMAT = "dwarf-with-dsym";
				ENABLE_NS_ASSERTIONS = NO;
				ENABLE_STRICT_OBJC_MSGSEND = YES;
				GCC_C_LANGUAGE_STANDARD = gnu11;
				GCC_NO_COMMON_BLOCKS = YES;
				GCC_WARN_64_TO_32_BIT_CONVERSION = YES;
				GCC_WARN_ABOUT_RETURN_TYPE = YES_ERROR;
				GCC_WARN_UNDECLARED_SELECTOR = YES;
				GCC_WARN_UNINITIALIZED_AUTOS = YES_AGGRESSIVE;
				GCC_WARN_UNUSED_FUNCTION = YES;
				GCC_WARN_UNUSED_VARIABLE = YES;
				IPHONEOS_DEPLOYMENT_TARGET = 15.5;
				MTL_ENABLE_DEBUG_INFO = NO;
				MTL_FAST_MATH = YES;
				SDKROOT = iphoneos;
				SWIFT_COMPILATION_MODE = wholemodule;
				SWIFT_OPTIMIZATION_LEVEL = "-O";
				VALIDATE_PRODUCT = YES;
			};
			name = Release;
		};
		503A51BE2870B77800D04944 /* Debug */ = {
			isa = XCBuildConfiguration;
			baseConfigurationReference = 6BC62FB539459E86AD4B1E14 /* Pods-SpeakApp.debug.xcconfig */;
			buildSettings = {
				ASSETCATALOG_COMPILER_APPICON_NAME = AppIcon;
				ASSETCATALOG_COMPILER_GLOBAL_ACCENT_COLOR_NAME = AccentColor;
				CODE_SIGN_STYLE = Automatic;
				CURRENT_PROJECT_VERSION = 1;
				DEVELOPMENT_TEAM = 5VLZVYD9B8;
				GENERATE_INFOPLIST_FILE = YES;
				INFOPLIST_FILE = SpeakApp/Info.plist;
				INFOPLIST_KEY_CFBundleDisplayName = SpeakApp;
				INFOPLIST_KEY_NSMicrophoneUsageDescription = "Your speech will be detected after tapping the start button.";
				INFOPLIST_KEY_NSSpeechRecognitionUsageDescription = "Speak and watch your words become text or say a color to see the box change colors";
				INFOPLIST_KEY_UIApplicationSupportsIndirectInputEvents = YES;
				INFOPLIST_KEY_UILaunchStoryboardName = LaunchScreen;
				INFOPLIST_KEY_UIMainStoryboardFile = Main;
				INFOPLIST_KEY_UISupportedInterfaceOrientations = UIInterfaceOrientationPortrait;
				INFOPLIST_KEY_UISupportedInterfaceOrientations_iPad = "UIInterfaceOrientationPortrait UIInterfaceOrientationPortraitUpsideDown UIInterfaceOrientationLandscapeLeft UIInterfaceOrientationLandscapeRight";
				INFOPLIST_KEY_UISupportedInterfaceOrientations_iPhone = "UIInterfaceOrientationPortrait UIInterfaceOrientationLandscapeLeft UIInterfaceOrientationLandscapeRight";
				LD_RUNPATH_SEARCH_PATHS = (
					"$(inherited)",
					"@executable_path/Frameworks",
				);
				MARKETING_VERSION = 1.0;
				PRODUCT_BUNDLE_IDENTIFIER = com.gh.SpeakApp;
				PRODUCT_NAME = "$(TARGET_NAME)";
				SWIFT_EMIT_LOC_STRINGS = YES;
				SWIFT_VERSION = 5.0;
				TARGETED_DEVICE_FAMILY = 1;
			};
			name = Debug;
		};
		503A51BF2870B77800D04944 /* Release */ = {
			isa = XCBuildConfiguration;
			baseConfigurationReference = CFFCDD6E97689EC7F4CEF114 /* Pods-SpeakApp.release.xcconfig */;
			buildSettings = {
				ASSETCATALOG_COMPILER_APPICON_NAME = AppIcon;
				ASSETCATALOG_COMPILER_GLOBAL_ACCENT_COLOR_NAME = AccentColor;
				CODE_SIGN_STYLE = Automatic;
				CURRENT_PROJECT_VERSION = 1;
				DEVELOPMENT_TEAM = 5VLZVYD9B8;
				GENERATE_INFOPLIST_FILE = YES;
				INFOPLIST_FILE = SpeakApp/Info.plist;
				INFOPLIST_KEY_CFBundleDisplayName = SpeakApp;
				INFOPLIST_KEY_NSMicrophoneUsageDescription = "Your speech will be detected after tapping the start button.";
				INFOPLIST_KEY_NSSpeechRecognitionUsageDescription = "Speak and watch your words become text or say a color to see the box change colors";
				INFOPLIST_KEY_UIApplicationSupportsIndirectInputEvents = YES;
				INFOPLIST_KEY_UILaunchStoryboardName = LaunchScreen;
				INFOPLIST_KEY_UIMainStoryboardFile = Main;
				INFOPLIST_KEY_UISupportedInterfaceOrientations = UIInterfaceOrientationPortrait;
				INFOPLIST_KEY_UISupportedInterfaceOrientations_iPad = "UIInterfaceOrientationPortrait UIInterfaceOrientationPortraitUpsideDown UIInterfaceOrientationLandscapeLeft UIInterfaceOrientationLandscapeRight";
				INFOPLIST_KEY_UISupportedInterfaceOrientations_iPhone = "UIInterfaceOrientationPortrait UIInterfaceOrientationLandscapeLeft UIInterfaceOrientationLandscapeRight";
				LD_RUNPATH_SEARCH_PATHS = (
					"$(inherited)",
					"@executable_path/Frameworks",
				);
				MARKETING_VERSION = 1.0;
				PRODUCT_BUNDLE_IDENTIFIER = com.gh.SpeakApp;
				PRODUCT_NAME = "$(TARGET_NAME)";
				SWIFT_EMIT_LOC_STRINGS = YES;
				SWIFT_VERSION = 5.0;
				TARGETED_DEVICE_FAMILY = 1;
			};
			name = Release;
		};
/* End XCBuildConfiguration section */

/* Begin XCConfigurationList section */
		503A51A42870B77500D04944 /* Build configuration list for PBXProject "SpeakApp" */ = {
			isa = XCConfigurationList;
			buildConfigurations = (
				503A51BB2870B77800D04944 /* Debug */,
				503A51BC2870B77800D04944 /* Release */,
			);
			defaultConfigurationIsVisible = 0;
			defaultConfigurationName = Release;
		};
		503A51BD2870B77800D04944 /* Build configuration list for PBXNativeTarget "SpeakApp" */ = {
			isa = XCConfigurationList;
			buildConfigurations = (
				503A51BE2870B77800D04944 /* Debug */,
				503A51BF2870B77800D04944 /* Release */,
			);
			defaultConfigurationIsVisible = 0;
			defaultConfigurationName = Release;
		};
/* End XCConfigurationList section */
	};
	rootObject = 503A51A12870B77500D04944 /* Project object */;
}
